
Microsoft Visual Studio Solution File, Format Version 12.00
# Visual Studio Version 17
VisualStudioVersion = 17.14.36327.8 d17.14
MinimumVisualStudioVersion = 10.0.40219.1
Project("{FAE04EC0-301F-11D3-BF4B-00C04F79EFBC}") = "Demo", "Demo\Demo.csproj", "{02B84170-D6D7-486F-9A7E-F5DC685ADFAD}"
EndProject
Global
	GlobalSection(SolutionConfigurationPlatforms) = preSolution
		Debug|Any CPU = Debug|Any CPU
		Release|Any CPU = Release|Any CPU
	EndGlobalSection
	GlobalSection(ProjectConfigurationPlatforms) = postSolution
		{02B84170-D6D7-486F-9A7E-F5DC685ADFAD}.Debug|Any CPU.ActiveCfg = Debug|Any CPU
		{02B84170-D6D7-486F-9A7E-F5DC685ADFAD}.Debug|Any CPU.Build.0 = Debug|Any CPU
		{02B84170-D6D7-486F-9A7E-F5DC685ADFAD}.Release|Any CPU.ActiveCfg = Release|Any CPU
		{02B84170-D6D7-486F-9A7E-F5DC685ADFAD}.Release|Any CPU.Build.0 = Release|Any CPU
	EndGlobalSection
	GlobalSection(SolutionProperties) = preSolution
		HideSolutionNode = FALSE
	EndGlobalSection
	GlobalSection(ExtensibilityGlobals) = postSolution
		SolutionGuid = {959E1602-F4FB-473B-8152-A1C56BB5A418}
	EndGlobalSection
EndGlobal
